
Microsoft Visual Studio Solution File, Format Version 12.00
# Visual Studio Version 17
VisualStudioVersion = 17.7.34003.232
MinimumVisualStudioVersion = 10.0.40219.1
Project("{9A19103F-16F7-4668-BE54-9A1E7A4F7556}") = "smells", "smells\smells.csproj", "{7653FB4D-72FB-472B-B7E1-D50BD460FB3F}"
EndProject
Project("{2150E333-8FDC-42A3-9474-1A3956D46DE8}") = "Solution Items", "Solution Items", "{211B9738-B059-43FC-A61C-678CE0AAB35D}"
	ProjectSection(SolutionItems) = preProject
		Test.cs = Test.cs
	EndProjectSection
EndProject
Global
	GlobalSection(SolutionConfigurationPlatforms) = preSolution
		Debug|Any CPU = Debug|Any CPU
		Release|Any CPU = Release|Any CPU
	EndGlobalSection
	GlobalSection(ProjectConfigurationPlatforms) = postSolution
		{7653FB4D-72FB-472B-B7E1-D50BD460FB3F}.Debug|Any CPU.ActiveCfg = Debug|Any CPU
		{7653FB4D-72FB-472B-B7E1-D50BD460FB3F}.Debug|Any CPU.Build.0 = Debug|Any CPU
		{7653FB4D-72FB-472B-B7E1-D50BD460FB3F}.Release|Any CPU.ActiveCfg = Release|Any CPU
		{7653FB4D-72FB-472B-B7E1-D50BD460FB3F}.Release|Any CPU.Build.0 = Release|Any CPU
	EndGlobalSection
	GlobalSection(SolutionProperties) = preSolution
		HideSolutionNode = FALSE
	EndGlobalSection
	GlobalSection(ExtensibilityGlobals) = postSolution
		SolutionGuid = {AE9DAD4B-07E4-481A-8A11-F881605539A1}
	EndGlobalSection
EndGlobal
